// !$*UTF8*$!
{
	archiveVersion = 1;
	classes = {
	};
	objectVersion = 55;
	objects = {

/* Begin PBXBuildFile section */
		127CBF7E27C50468001C86C5 /* AppDelegate.swift in Sources */ = {isa = PBXBuildFile; fileRef = 127CBF7D27C50468001C86C5 /* AppDelegate.swift */; };
		127CBF8027C50468001C86C5 /* SceneDelegate.swift in Sources */ = {isa = PBXBuildFile; fileRef = 127CBF7F27C50468001C86C5 /* SceneDelegate.swift */; };
		127CBF8227C50468001C86C5 /* ViewController.swift in Sources */ = {isa = PBXBuildFile; fileRef = 127CBF8127C50468001C86C5 /* ViewController.swift */; };
		127CBF8527C50468001C86C5 /* Main.storyboard in Resources */ = {isa = PBXBuildFile; fileRef = 127CBF8327C50468001C86C5 /* Main.storyboard */; };
		127CBF8727C5046A001C86C5 /* Assets.xcassets in Resources */ = {isa = PBXBuildFile; fileRef = 127CBF8627C5046A001C86C5 /* Assets.xcassets */; };
		127CBF8A27C5046A001C86C5 /* LaunchScreen.storyboard in Resources */ = {isa = PBXBuildFile; fileRef = 127CBF8827C5046A001C86C5 /* LaunchScreen.storyboard */; };
		127CBF9B27C51746001C86C5 /* tacmahal.jpeg in Resources */ = {isa = PBXBuildFile; fileRef = 127CBF9127C51746001C86C5 /* tacmahal.jpeg */; };
		127CBF9C27C51746001C86C5 /* greatwall.jpeg in Resources */ = {isa = PBXBuildFile; fileRef = 127CBF9227C51746001C86C5 /* greatwall.jpeg */; };
		127CBF9D27C51746001C86C5 /* anitkabir.jpeg in Resources */ = {isa = PBXBuildFile; fileRef = 127CBF9327C51746001C86C5 /* anitkabir.jpeg */; };
		127CBF9E27C51746001C86C5 /* colesseum.jpeg in Resources */ = {isa = PBXBuildFile; fileRef = 127CBF9427C51746001C86C5 /* colesseum.jpeg */; };
		127CBF9F27C51746001C86C5 /* ahtamar.jpeg in Resources */ = {isa = PBXBuildFile; fileRef = 127CBF9527C51746001C86C5 /* ahtamar.jpeg */; };
		127CBFA027C51746001C86C5 /* galata.png in Resources */ = {isa = PBXBuildFile; fileRef = 127CBF9627C51746001C86C5 /* galata.png */; };
		127CBFA127C51746001C86C5 /* balikligol.jpeg in Resources */ = {isa = PBXBuildFile; fileRef = 127CBF9727C51746001C86C5 /* balikligol.jpeg */; };
		127CBFA227C51746001C86C5 /* kremlin.jpeg in Resources */ = {isa = PBXBuildFile; fileRef = 127CBF9827C51746001C86C5 /* kremlin.jpeg */; };
		127CBFA327C51746001C86C5 /* stonehenge.jpeg in Resources */ = {isa = PBXBuildFile; fileRef = 127CBF9927C51746001C86C5 /* stonehenge.jpeg */; };
		127CBFA427C51746001C86C5 /* ulucamii.jpeg in Resources */ = {isa = PBXBuildFile; fileRef = 127CBF9A27C51746001C86C5 /* ulucamii.jpeg */; };
		127CBFA627C539B1001C86C5 /* imageViewController.swift in Sources */ = {isa = PBXBuildFile; fileRef = 127CBFA527C539B1001C86C5 /* imageViewController.swift */; };
/* End PBXBuildFile section */

/* Begin PBXFileReference section */
		127CBF7A27C50468001C86C5 /* LandmarkBookIos.app */ = {isa = PBXFileReference; explicitFileType = wrapper.application; includeInIndex = 0; path = LandmarkBookIos.app; sourceTree = BUILT_PRODUCTS_DIR; };
		127CBF7D27C50468001C86C5 /* AppDelegate.swift */ = {isa = PBXFileReference; lastKnownFileType = sourcecode.swift; path = AppDelegate.swift; sourceTree = "<group>"; };
		127CBF7F27C50468001C86C5 /* SceneDelegate.swift */ = {isa = PBXFileReference; lastKnownFileType = sourcecode.swift; path = SceneDelegate.swift; sourceTree = "<group>"; };
		127CBF8127C50468001C86C5 /* ViewController.swift */ = {isa = PBXFileReference; lastKnownFileType = sourcecode.swift; path = ViewController.swift; sourceTree = "<group>"; };
		127CBF8427C50468001C86C5 /* Base */ = {isa = PBXFileReference; lastKnownFileType = file.storyboard; name = Base; path = Base.lproj/Main.storyboard; sourceTree = "<group>"; };
		127CBF8627C5046A001C86C5 /* Assets.xcassets */ = {isa = PBXFileReference; lastKnownFileType = folder.assetcatalog; path = Assets.xcassets; sourceTree = "<group>"; };
		127CBF8927C5046A001C86C5 /* Base */ = {isa = PBXFileReference; lastKnownFileType = file.storyboard; name = Base; path = Base.lproj/LaunchScreen.storyboard; sourceTree = "<group>"; };
		127CBF8B27C5046A001C86C5 /* Info.plist */ = {isa = PBXFileReference; lastKnownFileType = text.plist.xml; path = Info.plist; sourceTree = "<group>"; };
		127CBF9127C51746001C86C5 /* tacmahal.jpeg */ = {isa = PBXFileReference; lastKnownFileType = image.jpeg; path = tacmahal.jpeg; sourceTree = SOURCE_ROOT; };
		127CBF9227C51746001C86C5 /* greatwall.jpeg */ = {isa = PBXFileReference; lastKnownFileType = image.jpeg; path = greatwall.jpeg; sourceTree = SOURCE_ROOT; };
		127CBF9327C51746001C86C5 /* anitkabir.jpeg */ = {isa = PBXFileReference; lastKnownFileType = image.jpeg; path = anitkabir.jpeg; sourceTree = SOURCE_ROOT; };
		127CBF9427C51746001C86C5 /* colesseum.jpeg */ = {isa = PBXFileReference; lastKnownFileType = image.jpeg; path = colesseum.jpeg; sourceTree = SOURCE_ROOT; };
		127CBF9527C51746001C86C5 /* ahtamar.jpeg */ = {isa = PBXFileReference; lastKnownFileType = image.jpeg; path = ahtamar.jpeg; sourceTree = SOURCE_ROOT; };
		127CBF9627C51746001C86C5 /* galata.png */ = {isa = PBXFileReference; lastKnownFileType = image.png; path = galata.png; sourceTree = SOURCE_ROOT; };
		127CBF9727C51746001C86C5 /* balikligol.jpeg */ = {isa = PBXFileReference; lastKnownFileType = image.jpeg; path = balikligol.jpeg; sourceTree = SOURCE_ROOT; };
		127CBF9827C51746001C86C5 /* kremlin.jpeg */ = {isa = PBXFileReference; lastKnownFileType = image.jpeg; path = kremlin.jpeg; sourceTree = SOURCE_ROOT; };
		127CBF9927C51746001C86C5 /* stonehenge.jpeg */ = {isa = PBXFileReference; lastKnownFileType = image.jpeg; path = stonehenge.jpeg; sourceTree = SOURCE_ROOT; };
		127CBF9A27C51746001C86C5 /* ulucamii.jpeg */ = {isa = PBXFileReference; lastKnownFileType = image.jpeg; path = ulucamii.jpeg; sourceTree = SOURCE_ROOT; };
		127CBFA527C539B1001C86C5 /* imageViewController.swift */ = {isa = PBXFileReference; lastKnownFileType = sourcecode.swift; path = imageViewController.swift; sourceTree = "<group>"; };
/* End PBXFileReference section */

/* Begin PBXFrameworksBuildPhase section */
		127CBF7727C50468001C86C5 /* Frameworks */ = {
			isa = PBXFrameworksBuildPhase;
			buildActionMask = 2147483647;
			files = (
			);
			runOnlyForDeploymentPostprocessing = 0;
		};
/* End PBXFrameworksBuildPhase section */

/* Begin PBXGroup section */
		127CBF7127C50468001C86C5 = {
			isa = PBXGroup;
			children = (
				127CBF7C27C50468001C86C5 /* LandmarkBookIos */,
				127CBF7B27C50468001C86C5 /* Products */,
			);
			sourceTree = "<group>";
		};
		127CBF7B27C50468001C86C5 /* Products */ = {
			isa = PBXGroup;
			children = (
				127CBF7A27C50468001C86C5 /* LandmarkBookIos.app */,
			);
			name = Products;
			sourceTree = "<group>";
		};
		127CBF7C27C50468001C86C5 /* LandmarkBookIos */ = {
			isa = PBXGroup;
			children = (
				127CBF9527C51746001C86C5 /* ahtamar.jpeg */,
				127CBF9327C51746001C86C5 /* anitkabir.jpeg */,
				127CBF9727C51746001C86C5 /* balikligol.jpeg */,
				127CBF9427C51746001C86C5 /* colesseum.jpeg */,
				127CBF9627C51746001C86C5 /* galata.png */,
				127CBF9227C51746001C86C5 /* greatwall.jpeg */,
				127CBF9827C51746001C86C5 /* kremlin.jpeg */,
				127CBF9927C51746001C86C5 /* stonehenge.jpeg */,
				127CBF9127C51746001C86C5 /* tacmahal.jpeg */,
				127CBF9A27C51746001C86C5 /* ulucamii.jpeg */,
				127CBF7D27C50468001C86C5 /* AppDelegate.swift */,
				127CBF7F27C50468001C86C5 /* SceneDelegate.swift */,
				127CBF8127C50468001C86C5 /* ViewController.swift */,
				127CBFA527C539B1001C86C5 /* imageViewController.swift */,
				127CBF8327C50468001C86C5 /* Main.storyboard */,
				127CBF8627C5046A001C86C5 /* Assets.xcassets */,
				127CBF8827C5046A001C86C5 /* LaunchScreen.storyboard */,
				127CBF8B27C5046A001C86C5 /* Info.plist */,
			);
			path = LandmarkBookIos;
			sourceTree = "<group>";
		};
/* End PBXGroup section */

/* Begin PBXNativeTarget section */
		127CBF7927C50468001C86C5 /* LandmarkBookIos */ = {
			isa = PBXNativeTarget;
			buildConfigurationList = 127CBF8E27C5046A001C86C5 /* Build configuration list for PBXNativeTarget "LandmarkBookIos" */;
			buildPhases = (
				127CBF7627C50468001C86C5 /* Sources */,
				127CBF7727C50468001C86C5 /* Frameworks */,
				127CBF7827C50468001C86C5 /* Resources */,
			);
			buildRules = (
			);
			dependencies = (
			);
			name = LandmarkBookIos;
			productName = LandmarkBookIos;
			productReference = 127CBF7A27C50468001C86C5 /* LandmarkBookIos.app */;
			productType = "com.apple.product-type.application";
		};
/* End PBXNativeTarget section */

/* Begin PBXProject section */
		127CBF7227C50468001C86C5 /* Project object */ = {
			isa = PBXProject;
			attributes = {
				BuildIndependentTargetsInParallel = 1;
				LastSwiftUpdateCheck = 1310;
				LastUpgradeCheck = 1310;
				TargetAttributes = {
					127CBF7927C50468001C86C5 = {
						CreatedOnToolsVersion = 13.1;
					};
				};
			};
			buildConfigurationList = 127CBF7527C50468001C86C5 /* Build configuration list for PBXProject "LandmarkBookIos" */;
			compatibilityVersion = "Xcode 13.0";
			developmentRegion = en;
			hasScannedForEncodings = 0;
			knownRegions = (
				en,
				Base,
			);
			mainGroup = 127CBF7127C50468001C86C5;
			productRefGroup = 127CBF7B27C50468001C86C5 /* Products */;
			projectDirPath = "";
			projectRoot = "";
			targets = (
				127CBF7927C50468001C86C5 /* LandmarkBookIos */,
			);
		};
/* End PBXProject section */

/* Begin PBXResourcesBuildPhase section */
		127CBF7827C50468001C86C5 /* Resources */ = {
			isa = PBXResourcesBuildPhase;
			buildActionMask = 2147483647;
			files = (
				127CBFA027C51746001C86C5 /* galata.png in Resources */,
				127CBF9B27C51746001C86C5 /* tacmahal.jpeg in Resources */,
				127CBF9D27C51746001C86C5 /* anitkabir.jpeg in Resources */,
				127CBFA127C51746001C86C5 /* balikligol.jpeg in Resources */,
				127CBF9C27C51746001C86C5 /* greatwall.jpeg in Resources */,
				127CBF8A27C5046A001C86C5 /* LaunchScreen.storyboard in Resources */,
				127CBF9E27C51746001C86C5 /* colesseum.jpeg in Resources */,
				127CBFA327C51746001C86C5 /* stonehenge.jpeg in Resources */,
				127CBFA427C51746001C86C5 /* ulucamii.jpeg in Resources */,
				127CBF8727C5046A001C86C5 /* Assets.xcassets in Resources */,
				127CBF9F27C51746001C86C5 /* ahtamar.jpeg in Resources */,
				127CBFA227C51746001C86C5 /* kremlin.jpeg in Resources */,
				127CBF8527C50468001C86C5 /* Main.storyboard in Resources */,
			);
			runOnlyForDeploymentPostprocessing = 0;
		};
/* End PBXResourcesBuildPhase section */

/* Begin PBXSourcesBuildPhase section */
		127CBF7627C50468001C86C5 /* Sources */ = {
			isa = PBXSourcesBuildPhase;
			buildActionMask = 2147483647;
			files = (
				127CBF8227C50468001C86C5 /* ViewController.swift in Sources */,
				127CBF7E27C50468001C86C5 /* AppDelegate.swift in Sources */,
				127CBFA627C539B1001C86C5 /* imageViewController.swift in Sources */,
				127CBF8027C50468001C86C5 /* SceneDelegate.swift in Sources */,
			);
			runOnlyForDeploymentPostprocessing = 0;
		};
/* End PBXSourcesBuildPhase section */

/* Begin PBXVariantGroup section */
		127CBF8327C50468001C86C5 /* Main.storyboard */ = {
			isa = PBXVariantGroup;
			children = (
				127CBF8427C50468001C86C5 /* Base */,
			);
			name = Main.storyboard;
			sourceTree = "<group>";
		};
		127CBF8827C5046A001C86C5 /* LaunchScreen.storyboard */ = {
			isa = PBXVariantGroup;
			children = (
				127CBF8927C5046A001C86C5 /* Base */,
			);
			name = LaunchScreen.storyboard;
			sourceTree = "<group>";
		};
/* End PBXVariantGroup section */

/* Begin XCBuildConfiguration section */
		127CBF8C27C5046A001C86C5 /* Debug */ = {
			isa = XCBuildConfiguration;
			buildSettings = {
				ALWAYS_SEARCH_USER_PATHS = NO;
				CLANG_ANALYZER_NONNULL = YES;
				CLANG_ANALYZER_NUMBER_OBJECT_CONVERSION = YES_AGGRESSIVE;
				CLANG_CXX_LANGUAGE_STANDARD = "gnu++17";
				CLANG_CXX_LIBRARY = "libc++";
				CLANG_ENABLE_MODULES = YES;
				CLANG_ENABLE_OBJC_ARC = YES;
				CLANG_ENABLE_OBJC_WEAK = YES;
				CLANG_WARN_BLOCK_CAPTURE_AUTORELEASING = YES;
				CLANG_WARN_BOOL_CONVERSION = YES;
				CLANG_WARN_COMMA = YES;
				CLANG_WARN_CONSTANT_CONVERSION = YES;
				CLANG_WARN_DEPRECATED_OBJC_IMPLEMENTATIONS = YES;
				CLANG_WARN_DIRECT_OBJC_ISA_USAGE = YES_ERROR;
				CLANG_WARN_DOCUMENTATION_COMMENTS = YES;
				CLANG_WARN_EMPTY_BODY = YES;
				CLANG_WARN_ENUM_CONVERSION = YES;
				CLANG_WARN_INFINITE_RECURSION = YES;
				CLANG_WARN_INT_CONVERSION = YES;
				CLANG_WARN_NON_LITERAL_NULL_CONVERSION = YES;
				CLANG_WARN_OBJC_IMPLICIT_RETAIN_SELF = YES;
				CLANG_WARN_OBJC_LITERAL_CONVERSION = YES;
				CLANG_WARN_OBJC_ROOT_CLASS = YES_ERROR;
				CLANG_WARN_QUOTED_INCLUDE_IN_FRAMEWORK_HEADER = YES;
				CLANG_WARN_RANGE_LOOP_ANALYSIS = YES;
				CLANG_WARN_STRICT_PROTOTYPES = YES;
				CLANG_WARN_SUSPICIOUS_MOVE = YES;
				CLANG_WARN_UNGUARDED_AVAILABILITY = YES_AGGRESSIVE;
				CLANG_WARN_UNREACHABLE_CODE = YES;
				CLANG_WARN__DUPLICATE_METHOD_MATCH = YES;
				COPY_PHASE_STRIP = NO;
				DEBUG_INFORMATION_FORMAT = dwarf;
				ENABLE_STRICT_OBJC_MSGSEND = YES;
				ENABLE_TESTABILITY = YES;
				GCC_C_LANGUAGE_STANDARD = gnu11;
				GCC_DYNAMIC_NO_PIC = NO;
				GCC_NO_COMMON_BLOCKS = YES;
				GCC_OPTIMIZATION_LEVEL = 0;
				GCC_PREPROCESSOR_DEFINITIONS = (
					"DEBUG=1",
					"$(inherited)",
				);
				GCC_WARN_64_TO_32_BIT_CONVERSION = YES;
				GCC_WARN_ABOUT_RETURN_TYPE = YES_ERROR;
				GCC_WARN_UNDECLARED_SELECTOR = YES;
				GCC_WARN_UNINITIALIZED_AUTOS = YES_AGGRESSIVE;
				GCC_WARN_UNUSED_FUNCTION = YES;
				GCC_WARN_UNUSED_VARIABLE = YES;
				IPHONEOS_DEPLOYMENT_TARGET = 15.0;
				MTL_ENABLE_DEBUG_INFO = INCLUDE_SOURCE;
				MTL_FAST_MATH = YES;
				ONLY_ACTIVE_ARCH = YES;
				SDKROOT = iphoneos;
				SWIFT_ACTIVE_COMPILATION_CONDITIONS = DEBUG;
				SWIFT_OPTIMIZATION_LEVEL = "-Onone";
			};
			name = Debug;
		};
		127CBF8D27C5046A001C86C5 /* Release */ = {
			isa = XCBuildConfiguration;
			buildSettings = {
				ALWAYS_SEARCH_USER_PATHS = NO;
				CLANG_ANALYZER_NONNULL = YES;
				CLANG_ANALYZER_NUMBER_OBJECT_CONVERSION = YES_AGGRESSIVE;
				CLANG_CXX_LANGUAGE_STANDARD = "gnu++17";
				CLANG_CXX_LIBRARY = "libc++";
				CLANG_ENABLE_MODULES = YES;
				CLANG_ENABLE_OBJC_ARC = YES;
				CLANG_ENABLE_OBJC_WEAK = YES;
				CLANG_WARN_BLOCK_CAPTURE_AUTORELEASING = YES;
				CLANG_WARN_BOOL_CONVERSION = YES;
				CLANG_WARN_COMMA = YES;
				CLANG_WARN_CONSTANT_CONVERSION = YES;
				CLANG_WARN_DEPRECATED_OBJC_IMPLEMENTATIONS = YES;
				CLANG_WARN_DIRECT_OBJC_ISA_USAGE = YES_ERROR;
				CLANG_WARN_DOCUMENTATION_COMMENTS = YES;
				CLANG_WARN_EMPTY_BODY = YES;
				CLANG_WARN_ENUM_CONVERSION = YES;
				CLANG_WARN_INFINITE_RECURSION = YES;
				CLANG_WARN_INT_CONVERSION = YES;
				CLANG_WARN_NON_LITERAL_NULL_CONVERSION = YES;
				CLANG_WARN_OBJC_IMPLICIT_RETAIN_SELF = YES;
				CLANG_WARN_OBJC_LITERAL_CONVERSION = YES;
				CLANG_WARN_OBJC_ROOT_CLASS = YES_ERROR;
				CLANG_WARN_QUOTED_INCLUDE_IN_FRAMEWORK_HEADER = YES;
				CLANG_WARN_RANGE_LOOP_ANALYSIS = YES;
				CLANG_WARN_STRICT_PROTOTYPES = YES;
				CLANG_WARN_SUSPICIOUS_MOVE = YES;
				CLANG_WARN_UNGUARDED_AVAILABILITY = YES_AGGRESSIVE;
				CLANG_WARN_UNREACHABLE_CODE = YES;
				CLANG_WARN__DUPLICATE_METHOD_MATCH = YES;
				COPY_PHASE_STRIP = NO;
				DEBUG_INFORMATION_FORMAT = "dwarf-with-dsym";
				ENABLE_NS_ASSERTIONS = NO;
				ENABLE_STRICT_OBJC_MSGSEND = YES;
				GCC_C_LANGUAGE_STANDARD = gnu11;
				GCC_NO_COMMON_BLOCKS = YES;
				GCC_WARN_64_TO_32_BIT_CONVERSION = YES;
				GCC_WARN_ABOUT_RETURN_TYPE = YES_ERROR;
				GCC_WARN_UNDECLARED_SELECTOR = YES;
				GCC_WARN_UNINITIALIZED_AUTOS = YES_AGGRESSIVE;
				GCC_WARN_UNUSED_FUNCTION = YES;
				GCC_WARN_UNUSED_VARIABLE = YES;
				IPHONEOS_DEPLOYMENT_TARGET = 15.0;
				MTL_ENABLE_DEBUG_INFO = NO;
				MTL_FAST_MATH = YES;
				SDKROOT = iphoneos;
				SWIFT_COMPILATION_MODE = wholemodule;
				SWIFT_OPTIMIZATION_LEVEL = "-O";
				VALIDATE_PRODUCT = YES;
			};
			name = Release;
		};
		127CBF8F27C5046A001C86C5 /* Debug */ = {
			isa = XCBuildConfiguration;
			buildSettings = {
				ASSETCATALOG_COMPILER_APPICON_NAME = AppIcon;
				ASSETCATALOG_COMPILER_GLOBAL_ACCENT_COLOR_NAME = AccentColor;
				CODE_SIGN_STYLE = Automatic;
				CURRENT_PROJECT_VERSION = 1;
				GENERATE_INFOPLIST_FILE = YES;
				INFOPLIST_FILE = LandmarkBookIos/Info.plist;
				INFOPLIST_KEY_UIApplicationSupportsIndirectInputEvents = YES;
				INFOPLIST_KEY_UILaunchStoryboardName = LaunchScreen;
				INFOPLIST_KEY_UIMainStoryboardFile = Main;
				INFOPLIST_KEY_UISupportedInterfaceOrientations = "UIInterfaceOrientationPortrait UIInterfaceOrientationLandscapeLeft UIInterfaceOrientationLandscapeRight";
				INFOPLIST_KEY_UISupportedInterfaceOrientations_iPad = "UIInterfaceOrientationPortrait UIInterfaceOrientationPortraitUpsideDown UIInterfaceOrientationLandscapeLeft UIInterfaceOrientationLandscapeRight";
				INFOPLIST_KEY_UISupportedInterfaceOrientations_iPhone = "UIInterfaceOrientationPortrait UIInterfaceOrientationLandscapeLeft UIInterfaceOrientationLandscapeRight";
				LD_RUNPATH_SEARCH_PATHS = (
					"$(inherited)",
					"@executable_path/Frameworks",
				);
				MARKETING_VERSION = 1.0;
				PRODUCT_BUNDLE_IDENTIFIER = musaeneskinik.LandmarkBookIos;
				PRODUCT_NAME = "$(TARGET_NAME)";
				SWIFT_EMIT_LOC_STRINGS = YES;
				SWIFT_VERSION = 5.0;
				TARGETED_DEVICE_FAMILY = "1,2";
			};
			name = Debug;
		};
		127CBF9027C5046A001C86C5 /* Release */ = {
			isa = XCBuildConfiguration;
			buildSettings = {
				ASSETCATALOG_COMPILER_APPICON_NAME = AppIcon;
				ASSETCATALOG_COMPILER_GLOBAL_ACCENT_COLOR_NAME = AccentColor;
				CODE_SIGN_STYLE = Automatic;
				CURRENT_PROJECT_VERSION = 1;
				GENERATE_INFOPLIST_FILE = YES;
				INFOPLIST_FILE = LandmarkBookIos/Info.plist;
				INFOPLIST_KEY_UIApplicationSupportsIndirectInputEvents = YES;
				INFOPLIST_KEY_UILaunchStoryboardName = LaunchScreen;
				INFOPLIST_KEY_UIMainStoryboardFile = Main;
				INFOPLIST_KEY_UISupportedInterfaceOrientations = "UIInterfaceOrientationPortrait UIInterfaceOrientationLandscapeLeft UIInterfaceOrientationLandscapeRight";
				INFOPLIST_KEY_UISupportedInterfaceOrientations_iPad = "UIInterfaceOrientationPortrait UIInterfaceOrientationPortraitUpsideDown UIInterfaceOrientationLandscapeLeft UIInterfaceOrientationLandscapeRight";
				INFOPLIST_KEY_UISupportedInterfaceOrientations_iPhone = "UIInterfaceOrientationPortrait UIInterfaceOrientationLandscapeLeft UIInterfaceOrientationLandscapeRight";
				LD_RUNPATH_SEARCH_PATHS = (
					"$(inherited)",
					"@executable_path/Frameworks",
				);
				MARKETING_VERSION = 1.0;
				PRODUCT_BUNDLE_IDENTIFIER = musaeneskinik.LandmarkBookIos;
				PRODUCT_NAME = "$(TARGET_NAME)";
				SWIFT_EMIT_LOC_STRINGS = YES;
				SWIFT_VERSION = 5.0;
				TARGETED_DEVICE_FAMILY = "1,2";
			};
			name = Release;
		};
/* End XCBuildConfiguration section */

/* Begin XCConfigurationList section */
		127CBF7527C50468001C86C5 /* Build configuration list for PBXProject "LandmarkBookIos" */ = {
			isa = XCConfigurationList;
			buildConfigurations = (
				127CBF8C27C5046A001C86C5 /* Debug */,
				127CBF8D27C5046A001C86C5 /* Release */,
			);
			defaultConfigurationIsVisible = 0;
			defaultConfigurationName = Release;
		};
		127CBF8E27C5046A001C86C5 /* Build configuration list for PBXNativeTarget "LandmarkBookIos" */ = {
			isa = XCConfigurationList;
			buildConfigurations = (
				127CBF8F27C5046A001C86C5 /* Debug */,
				127CBF9027C5046A001C86C5 /* Release */,
			);
			defaultConfigurationIsVisible = 0;
			defaultConfigurationName = Release;
		};
/* End XCConfigurationList section */
	};
	rootObject = 127CBF7227C50468001C86C5 /* Project object */;
}
